{
  "name": "queryawspeoplequestions",
  "version": "0.0.1",
  "lockfileVersion": 1,
  "requires": true,
  "dependencies": {
    "dynamodb-data-types": {
      "version": "3.0.1",
      "resolved": "https://registry.npmjs.org/dynamodb-data-types/-/dynamodb-data-types-3.0.1.tgz",
      "integrity": "sha1-VWhTFXTOLhkLwnzDpYlfvzeu/KU="
    }
  }
}
